# THIS IS AN AUTOGENERATED FILE. DO NOT EDIT THIS FILE DIRECTLY.
# yarn lockfile v1


"@optimizely/js-sdk-datafile-manager@^0.9.5":
  version "0.9.5"
  resolved "https://registry.yarnpkg.com/@optimizely/js-sdk-datafile-manager/-/js-sdk-datafile-manager-0.9.5.tgz#c1fa25a4bbdabe97929c72895ca2a48e28047a34"
  integrity sha512-O4ujr1nBBAQBtx8YoKNpzzaEZgsE+aU4dxubT17ePqv/YVUWE+JOY21tSRrqZy/BlbbyzL+ElT8hrGB5ZzVoIQ==
  dependencies:
    "@optimizely/js-sdk-logging" "^0.3.1"
    "@optimizely/js-sdk-utils" "^0.4.0"
    decompress-response "^4.2.1"

"@optimizely/js-sdk-event-processor@^0.9.2":
  version "0.9.5"
  resolved "https://registry.yarnpkg.com/@optimizely/js-sdk-event-processor/-/js-sdk-event-processor-0.9.5.tgz#4deeaa2fcc82575ad3dab1b0f438e8c4d63e6ad9"
  integrity sha512-g5zqAjJuexxgbNvn7dacFkQXQxH3+OtjELfmSswvhxP9EHkyNR0ZdQF/kBxFxr335F2/RRPvAJ9tQBPkwaBg8g==
  dependencies:
    "@optimizely/js-sdk-logging" "^0.3.1"
    "@optimizely/js-sdk-utils" "^0.4.0"

"@optimizely/js-sdk-logging@^0.3.1":
  version "0.3.1"
  resolved "https://registry.yarnpkg.com/@optimizely/js-sdk-logging/-/js-sdk-logging-0.3.1.tgz#358b48f4ce2ce22b1969d9e3e929caac1e6e6351"
  integrity sha512-K71Jf283FP0E4oXehcXTTM3gvgHZHr7FUrIsw//0mdJlotHJT4Nss4hE0CWPbBxO7LJAtwNnO+VIA/YOcO4vHg==
  dependencies:
    "@optimizely/js-sdk-utils" "^0.4.0"

"@optimizely/js-sdk-utils@^0.4.0":
  version "0.4.0"
  resolved "https://registry.yarnpkg.com/@optimizely/js-sdk-utils/-/js-sdk-utils-0.4.0.tgz#835b88bc7b5365a5c4a3d073c01c3a55d9f93a8f"
  integrity sha512-QG2oytnITW+VKTJK+l0RxjaS5VrA6W+AZMzpeg4LCB4Rn4BEKtF+EcW/5S1fBDLAviGq/0TLpkjM3DlFkJ9/Gw==
  dependencies:
    uuid "^3.3.2"

"@optimizely/optimizely-sdk@^4.9.4":
  version "4.9.4"
  resolved "https://registry.yarnpkg.com/@optimizely/optimizely-sdk/-/optimizely-sdk-4.9.4.tgz#bd1713928d4273ceb16048b0193484a12a22ea33"
  integrity sha512-aYxndR6RahnLdX7SQR1YO2dklfNjbCGUUvRaYJZ50LIsDqhkAu426vxHwYO+V+QJxqipypPG5SVdG1m32AgDvw==
  dependencies:
    "@optimizely/js-sdk-datafile-manager" "^0.9.5"
    "@optimizely/js-sdk-event-processor" "^0.9.2"
    "@optimizely/js-sdk-logging" "^0.3.1"
    json-schema "^0.4.0"
    murmurhash "0.0.2"
    uuid "^3.3.2"

decompress-response@^4.2.1:
  version "4.2.1"
  resolved "https://registry.yarnpkg.com/decompress-response/-/decompress-response-4.2.1.tgz#414023cc7a302da25ce2ec82d0d5238ccafd8986"
  integrity sha512-jOSne2qbyE+/r8G1VU+G/82LBs2Fs4LAsTiLSHOCOMZQl2OKZ6i8i4IyHemTe+/yIXOtTcRQMzPcgyhoFlqPkw==
  dependencies:
    mimic-response "^2.0.0"

json-schema@^0.4.0:
  version "0.4.0"
  resolved "https://registry.yarnpkg.com/json-schema/-/json-schema-0.4.0.tgz#f7de4cf6efab838ebaeb3236474cbba5a1930ab5"
  integrity sha512-es94M3nTIfsEPisRafak+HDLfHXnKBhV3vU5eqPcS3flIWqcxJWgXHXiey3YrpaNsanY5ei1VoYEbOzijuq9BA==

mimic-response@^2.0.0:
  version "2.1.0"
  resolved "https://registry.yarnpkg.com/mimic-response/-/mimic-response-2.1.0.tgz#d13763d35f613d09ec37ebb30bac0469c0ee8f43"
  integrity sha512-wXqjST+SLt7R009ySCglWBCFpjUygmCIfD790/kVbiGmUgfYGuB14PiTd5DwVxSV4NcYHjzMkoj5LjQZwTQLEA==

murmurhash@0.0.2:
  version "0.0.2"
  resolved "https://registry.yarnpkg.com/murmurhash/-/murmurhash-0.0.2.tgz#6f07bd8a1105e709c26fc89420cb5930c24585fe"
  integrity sha512-LKlwdZKWzvCQpMszb2HO5leJ7P9T4m5XuDKku8bM0uElrzqK9cn0+iozwQS8jO4SNjrp4w7olalgd8WgsIjhWA==

uuid@^3.3.2:
  version "3.4.0"
  resolved "https://registry.yarnpkg.com/uuid/-/uuid-3.4.0.tgz#b23e4358afa8a202fe7a100af1f5f883f02007ee"
  integrity sha512-HjSDRw6gZE5JMggctHBcjVak08+KEVhSIiDzFnT9S9aegmp85S/bReBVTb4QTFaRNptJ9kuYaNhnbNEOkbKb/A==
